github.com/Jeffail/tunny v0.1.4 h1:chtpdz+nUtaYQeCKlNBg6GycFF/kGVHOr6A3cmzTJXs=
github.com/Jeffail/tunny v0.1.4/go.mod h1:P8xAx4XQl0xsuhjX1DtfaMDCSuavzdb2rwbd0lk+fvo=
github.com/acomagu/bufpipe v1.0.4 h1:e3H4WUzM3npvo5uv95QuJM3cQspFNtFBzvJ2oNjKIDQ=
github.com/acomagu/bufpipe v1.0.4/go.mod h1:mxdxdup/WdsKVreO5GpW4+M/1CE2sMG4jeGJ2sYmHc4=
github.com/armon/go-socks5 v0.0.0-20160902184237-e75332964ef5 h1:0CwZNZbxp69SHPdPJAN/hZIm0C4OItdklCFmMRWYpio=
github.com/armon/go-socks5 v0.0.0-20160902184237-e75332964ef5/go.mod h1:wHh0iHkYZB8zMSxRWpUBQtwG5a7fFgvEO+odwuTv2gs=
github.com/golang/protobuf v1.5.4 h1:i7eJL8qZTpSEXOPTxNKhASYpMn+8e5Q6AdndVa1dWek=
github.com/golang/protobuf v1.5.4/go.mod h1:lnTiLA8Wa4RWRcIUkrtSVa5nRhsEGBg48fD6rSs7xps=
github.com/google/go-cmp v0.7.0 h1:wk8382ETsv4JYUZwIsn6YpYiWiBsYLSJiTsyBybVuN8=
github.com/google/go-cmp v0.7.0/go.mod h1:pXiqmnSA92OHEEa9HXL2W4E7lf9JzCmGVUdgjX3N/iU=
github.com/hashicorp/yamux v0.1.2 h1:XtB8kyFOyHXYVFnwT5C3+Bdo8gArse7j2AQ0DA0Uey8=
github.com/hashicorp/yamux v0.1.2/go.mod h1:C+zze2n6e/7wshOZep2A70/aQU6QBRWJO/G6FT1wIns=
github.com/kost/chashell v0.0.0-20230409212000-cf0fbd106275 h1:OTUMnRSyi/iJ4bK99YKUrwta8a+daLTJfWQWi7NSybI=
github.com/kost/chashell v0.0.0-20230409212000-cf0fbd106275/go.mod h1:x4/v1llkZM8wm+spL3wVA5jXQ7kKsYwCoivIxa9MP2A=
github.com/kost/dnstun v0.0.0-20230511164951-6e7f5656a900 h1:BU0+tomIHRGeqMjuZvHsgGlzAIsUrebUVDtxraBbgGQ=
github.com/kost/dnstun v0.0.0-20230511164951-6e7f5656a900/go.mod h1:ygRgqm2qygdLqcl5si7KUy/JKRof/xOumODY0BOPPKQ=
github.com/kost/go-ntlmssp v0.0.0-20190601005913-a22bdd33b2a4 h1:4VVc/TqlDSrhuWN34tsXQZBwzSB7oNfkoc7lry3GZDI=
github.com/kost/go-ntlmssp v0.0.0-20190601005913-a22bdd33b2a4/go.mod h1:GF8vL2Lfura79VXDTAYnqz7pC60m6fqFJEUemjzaRC8=
github.com/matryer/is v1.2.0 h1:92UTHpy8CDwaJ08GqLDzhhuixiBUUD1p3AU6PHddz4A=
github.com/matryer/is v1.2.0/go.mod h1:2fLPjFQM9rhQ15aVEtbuwhJinnOqrmgXPNdZsdwlWXA=
github.com/miekg/dns v1.1.72 h1:vhmr+TF2A3tuoGNkLDFK9zi36F2LS+hKTRW0Uf8kbzI=
github.com/miekg/dns v1.1.72/go.mod h1:+EuEPhdHOsfk6Wk5TT2CzssZdqkmFhf8r+aVyDEToIs=
github.com/rs/xid v1.6.0 h1:fV591PaemRlL6JfRxGDEPl69wICngIQ3shQtzfy2gxU=
github.com/rs/xid v1.6.0/go.mod h1:7XoLgs4eV+QndskICGsho+ADou8ySMSjJKDIan90Nz0=
golang.org/x/crypto v0.48.0 h1:/VRzVqiRSggnhY7gNRxPauEQ5Drw9haKdM0jqfcCFts=
golang.org/x/crypto v0.48.0/go.mod h1:r0kV5h3qnFPlQnBSrULhlsRfryS2pmewsg+XfMgkVos=
golang.org/x/mod v0.33.0 h1:tHFzIWbBifEmbwtGz65eaWyGiGZatSrT9prnU8DbVL8=
golang.org/x/mod v0.33.0/go.mod h1:swjeQEj+6r7fODbD2cqrnje9PnziFuw4bmLbBZFrQ5w=
golang.org/x/net v0.50.0 h1:ucWh9eiCGyDR3vtzso0WMQinm2Dnt8cFMuQa9K33J60=
golang.org/x/net v0.50.0/go.mod h1:UgoSli3F/pBgdJBHCTc+tp3gmrU4XswgGRgtnwWTfyM=
golang.org/x/sync v0.19.0 h1:vV+1eWNmZ5geRlYjzm2adRgW2/mcpevXNg50YZtPCE4=
golang.org/x/sync v0.19.0/go.mod h1:9KTHXmSnoGruLpwFjVSX0lNNA75CykiMECbovNTZqGI=
golang.org/x/sys v0.41.0 h1:Ivj+2Cp/ylzLiEU89QhWblYnOE9zerudt9Ftecq2C6k=
golang.org/x/sys v0.41.0/go.mod h1:OgkHotnGiDImocRcuBABYBEXf8A9a87e/uXjp9XT3ks=
golang.org/x/text v0.34.0 h1:oL/Qq0Kdaqxa1KbNeMKwQq0reLCCaFtqu2eNuSeNHbk=
golang.org/x/text v0.34.0/go.mod h1:homfLqTYRFyVYemLBFl5GgL/DWEiH5wcsQ5gSh1yziA=
golang.org/x/tools v0.42.0 h1:uNgphsn75Tdz5Ji2q36v/nsFSfR/9BRFvqhGBaJGd5k=
golang.org/x/tools v0.42.0/go.mod h1:Ma6lCIwGZvHK6XtgbswSoWroEkhugApmsXyrUmBhfr0=
google.golang.org/protobuf v1.36.11 h1:fV6ZwhNocDyBLK0dj+fg8ektcVegBBuEolpbTQyBNVE=
google.golang.org/protobuf v1.36.11/go.mod h1:HTf+CrKn2C3g5S8VImy6tdcUvCska2kB7j23XfzDpco=
nhooyr.io/websocket v1.8.17 h1:KEVeLJkUywCKVsnLIDlD/5gtayKp8VoCkksHCGGfT9Y=
nhooyr.io/websocket v1.8.17/go.mod h1:rN9OFWIUwuxg4fR5tELlYC04bXYowCP9GX47ivo2l+c=
